// !$*UTF8*$!
{
	archiveVersion = 1;
	classes = {
	};
	objectVersion = 50;
	objects = {

/* Begin PBXBuildFile section */
		B90119C9256C29B6002CBD2A /* FructusApp.swift in Sources */ = {isa = PBXBuildFile; fileRef = B90119C8256C29B6002CBD2A /* FructusApp.swift */; };
		B90119CB256C29B6002CBD2A /* ContentView.swift in Sources */ = {isa = PBXBuildFile; fileRef = B90119CA256C29B6002CBD2A /* ContentView.swift */; };
		B90119CD256C29B9002CBD2A /* Assets.xcassets in Resources */ = {isa = PBXBuildFile; fileRef = B90119CC256C29B9002CBD2A /* Assets.xcassets */; };
		B90119D0256C29B9002CBD2A /* Preview Assets.xcassets in Resources */ = {isa = PBXBuildFile; fileRef = B90119CF256C29B9002CBD2A /* Preview Assets.xcassets */; };
		B912C409256EDF5D00AFAB05 /* SourceLinkView.swift in Sources */ = {isa = PBXBuildFile; fileRef = B912C408256EDF5D00AFAB05 /* SourceLinkView.swift */; };
		B912C40C256EEADA00AFAB05 /* FruitNutrientsView.swift in Sources */ = {isa = PBXBuildFile; fileRef = B912C40B256EEADA00AFAB05 /* FruitNutrientsView.swift */; };
		B912C40F256EEF1D00AFAB05 /* SettingsView.swift in Sources */ = {isa = PBXBuildFile; fileRef = B912C40E256EEF1D00AFAB05 /* SettingsView.swift */; };
		B946D6C9256D7EB300FECDA5 /* FruitDetailView.swift in Sources */ = {isa = PBXBuildFile; fileRef = B946D6C8256D7EB300FECDA5 /* FruitDetailView.swift */; };
		B946D6CC256EBDC700FECDA5 /* FruitHeaderView.swift in Sources */ = {isa = PBXBuildFile; fileRef = B946D6CB256EBDC700FECDA5 /* FruitHeaderView.swift */; };
		B9646B5A256D6AE600301521 /* FruitModel.swift in Sources */ = {isa = PBXBuildFile; fileRef = B9646B59256D6AE600301521 /* FruitModel.swift */; };
		B9646B5F256D6BCE00301521 /* FruitData.swift in Sources */ = {isa = PBXBuildFile; fileRef = B9646B5E256D6BCE00301521 /* FruitData.swift */; };
		B9646B63256D740100301521 /* FruitRowView.swift in Sources */ = {isa = PBXBuildFile; fileRef = B9646B62256D740100301521 /* FruitRowView.swift */; };
		B972D800256C4220007F2658 /* FruitCardView.swift in Sources */ = {isa = PBXBuildFile; fileRef = B972D7FF256C4220007F2658 /* FruitCardView.swift */; };
		B972D803256C7436007F2658 /* StartButtonView.swift in Sources */ = {isa = PBXBuildFile; fileRef = B972D802256C7436007F2658 /* StartButtonView.swift */; };
		B972D806256C7733007F2658 /* OnboardingView.swift in Sources */ = {isa = PBXBuildFile; fileRef = B972D805256C7733007F2658 /* OnboardingView.swift */; };
		B9C18DED2575642500BD22DE /* SettingsLabelView.swift in Sources */ = {isa = PBXBuildFile; fileRef = B9C18DEC2575642500BD22DE /* SettingsLabelView.swift */; };
		B9C18DF0257567D700BD22DE /* SettingsRowView.swift in Sources */ = {isa = PBXBuildFile; fileRef = B9C18DEF257567D700BD22DE /* SettingsRowView.swift */; };
/* End PBXBuildFile section */

/* Begin PBXFileReference section */
		B90119C5256C29B6002CBD2A /* Fructus.app */ = {isa = PBXFileReference; explicitFileType = wrapper.application; includeInIndex = 0; path = Fructus.app; sourceTree = BUILT_PRODUCTS_DIR; };
		B90119C8256C29B6002CBD2A /* FructusApp.swift */ = {isa = PBXFileReference; lastKnownFileType = sourcecode.swift; path = FructusApp.swift; sourceTree = "<group>"; };
		B90119CA256C29B6002CBD2A /* ContentView.swift */ = {isa = PBXFileReference; lastKnownFileType = sourcecode.swift; path = ContentView.swift; sourceTree = "<group>"; };
		B90119CC256C29B9002CBD2A /* Assets.xcassets */ = {isa = PBXFileReference; lastKnownFileType = folder.assetcatalog; path = Assets.xcassets; sourceTree = "<group>"; };
		B90119CF256C29B9002CBD2A /* Preview Assets.xcassets */ = {isa = PBXFileReference; lastKnownFileType = folder.assetcatalog; path = "Preview Assets.xcassets"; sourceTree = "<group>"; };
		B90119D1256C29B9002CBD2A /* Info.plist */ = {isa = PBXFileReference; lastKnownFileType = text.plist.xml; path = Info.plist; sourceTree = "<group>"; };
		B912C408256EDF5D00AFAB05 /* SourceLinkView.swift */ = {isa = PBXFileReference; lastKnownFileType = sourcecode.swift; path = SourceLinkView.swift; sourceTree = "<group>"; };
		B912C40B256EEADA00AFAB05 /* FruitNutrientsView.swift */ = {isa = PBXFileReference; lastKnownFileType = sourcecode.swift; path = FruitNutrientsView.swift; sourceTree = "<group>"; };
		B912C40E256EEF1D00AFAB05 /* SettingsView.swift */ = {isa = PBXFileReference; lastKnownFileType = sourcecode.swift; path = SettingsView.swift; sourceTree = "<group>"; };
		B946D6C8256D7EB300FECDA5 /* FruitDetailView.swift */ = {isa = PBXFileReference; lastKnownFileType = sourcecode.swift; path = FruitDetailView.swift; sourceTree = "<group>"; };
		B946D6CB256EBDC700FECDA5 /* FruitHeaderView.swift */ = {isa = PBXFileReference; lastKnownFileType = sourcecode.swift; path = FruitHeaderView.swift; sourceTree = "<group>"; };
		B9646B59256D6AE600301521 /* FruitModel.swift */ = {isa = PBXFileReference; lastKnownFileType = sourcecode.swift; path = FruitModel.swift; sourceTree = "<group>"; };
		B9646B5E256D6BCE00301521 /* FruitData.swift */ = {isa = PBXFileReference; lastKnownFileType = sourcecode.swift; path = FruitData.swift; sourceTree = "<group>"; };
		B9646B62256D740100301521 /* FruitRowView.swift */ = {isa = PBXFileReference; lastKnownFileType = sourcecode.swift; path = FruitRowView.swift; sourceTree = "<group>"; };
		B972D7FF256C4220007F2658 /* FruitCardView.swift */ = {isa = PBXFileReference; lastKnownFileType = sourcecode.swift; path = FruitCardView.swift; sourceTree = "<group>"; };
		B972D802256C7436007F2658 /* StartButtonView.swift */ = {isa = PBXFileReference; lastKnownFileType = sourcecode.swift; path = StartButtonView.swift; sourceTree = "<group>"; };
		B972D805256C7733007F2658 /* OnboardingView.swift */ = {isa = PBXFileReference; lastKnownFileType = sourcecode.swift; path = OnboardingView.swift; sourceTree = "<group>"; };
		B9C18DEC2575642500BD22DE /* SettingsLabelView.swift */ = {isa = PBXFileReference; lastKnownFileType = sourcecode.swift; path = SettingsLabelView.swift; sourceTree = "<group>"; };
		B9C18DEF257567D700BD22DE /* SettingsRowView.swift */ = {isa = PBXFileReference; lastKnownFileType = sourcecode.swift; path = SettingsRowView.swift; sourceTree = "<group>"; };
/* End PBXFileReference section */

/* Begin PBXFrameworksBuildPhase section */
		B90119C2256C29B6002CBD2A /* Frameworks */ = {
			isa = PBXFrameworksBuildPhase;
			buildActionMask = 2147483647;
			files = (
			);
			runOnlyForDeploymentPostprocessing = 0;
		};
/* End PBXFrameworksBuildPhase section */

/* Begin PBXGroup section */
		B90119BC256C29B6002CBD2A = {
			isa = PBXGroup;
			children = (
				B90119C7256C29B6002CBD2A /* Fructus */,
				B90119C6256C29B6002CBD2A /* Products */,
			);
			sourceTree = "<group>";
		};
		B90119C6256C29B6002CBD2A /* Products */ = {
			isa = PBXGroup;
			children = (
				B90119C5256C29B6002CBD2A /* Fructus.app */,
			);
			name = Products;
			sourceTree = "<group>";
		};
		B90119C7256C29B6002CBD2A /* Fructus */ = {
			isa = PBXGroup;
			children = (
				B9646B5D256D6BB600301521 /* Data */,
				B9646B58256D6AD100301521 /* Model */,
				B972D7FE256C41F5007F2658 /* View */,
				B90119D9256C41A5002CBD2A /* App */,
				B90119CC256C29B9002CBD2A /* Assets.xcassets */,
				B90119D1256C29B9002CBD2A /* Info.plist */,
				B90119CE256C29B9002CBD2A /* Preview Content */,
			);
			path = Fructus;
			sourceTree = "<group>";
		};
		B90119CE256C29B9002CBD2A /* Preview Content */ = {
			isa = PBXGroup;
			children = (
				B90119CF256C29B9002CBD2A /* Preview Assets.xcassets */,
			);
			path = "Preview Content";
			sourceTree = "<group>";
		};
		B90119D9256C41A5002CBD2A /* App */ = {
			isa = PBXGroup;
			children = (
				B90119C8256C29B6002CBD2A /* FructusApp.swift */,
				B90119CA256C29B6002CBD2A /* ContentView.swift */,
				B972D805256C7733007F2658 /* OnboardingView.swift */,
				B946D6C8256D7EB300FECDA5 /* FruitDetailView.swift */,
				B912C40E256EEF1D00AFAB05 /* SettingsView.swift */,
			);
			path = App;
			sourceTree = "<group>";
		};
		B9646B58256D6AD100301521 /* Model */ = {
			isa = PBXGroup;
			children = (
				B9646B59256D6AE600301521 /* FruitModel.swift */,
			);
			path = Model;
			sourceTree = "<group>";
		};
		B9646B5D256D6BB600301521 /* Data */ = {
			isa = PBXGroup;
			children = (
				B9646B5E256D6BCE00301521 /* FruitData.swift */,
			);
			path = Data;
			sourceTree = "<group>";
		};
		B972D7FE256C41F5007F2658 /* View */ = {
			isa = PBXGroup;
			children = (
				B972D7FF256C4220007F2658 /* FruitCardView.swift */,
				B972D802256C7436007F2658 /* StartButtonView.swift */,
				B9646B62256D740100301521 /* FruitRowView.swift */,
				B946D6CB256EBDC700FECDA5 /* FruitHeaderView.swift */,
				B912C408256EDF5D00AFAB05 /* SourceLinkView.swift */,
				B912C40B256EEADA00AFAB05 /* FruitNutrientsView.swift */,
				B9C18DEC2575642500BD22DE /* SettingsLabelView.swift */,
				B9C18DEF257567D700BD22DE /* SettingsRowView.swift */,
			);
			path = View;
			sourceTree = "<group>";
		};
/* End PBXGroup section */

/* Begin PBXNativeTarget section */
		B90119C4256C29B6002CBD2A /* Fructus */ = {
			isa = PBXNativeTarget;
			buildConfigurationList = B90119D4256C29B9002CBD2A /* Build configuration list for PBXNativeTarget "Fructus" */;
			buildPhases = (
				B90119C1256C29B6002CBD2A /* Sources */,
				B90119C2256C29B6002CBD2A /* Frameworks */,
				B90119C3256C29B6002CBD2A /* Resources */,
			);
			buildRules = (
			);
			dependencies = (
			);
			name = Fructus;
			productName = Fructus;
			productReference = B90119C5256C29B6002CBD2A /* Fructus.app */;
			productType = "com.apple.product-type.application";
		};
/* End PBXNativeTarget section */

/* Begin PBXProject section */
		B90119BD256C29B6002CBD2A /* Project object */ = {
			isa = PBXProject;
			attributes = {
				LastSwiftUpdateCheck = 1220;
				LastUpgradeCheck = 1220;
				TargetAttributes = {
					B90119C4256C29B6002CBD2A = {
						CreatedOnToolsVersion = 12.2;
					};
				};
			};
			buildConfigurationList = B90119C0256C29B6002CBD2A /* Build configuration list for PBXProject "Fructus" */;
			compatibilityVersion = "Xcode 9.3";
			developmentRegion = en;
			hasScannedForEncodings = 0;
			knownRegions = (
				en,
				Base,
			);
			mainGroup = B90119BC256C29B6002CBD2A;
			productRefGroup = B90119C6256C29B6002CBD2A /* Products */;
			projectDirPath = "";
			projectRoot = "";
			targets = (
				B90119C4256C29B6002CBD2A /* Fructus */,
			);
		};
/* End PBXProject section */

/* Begin PBXResourcesBuildPhase section */
		B90119C3256C29B6002CBD2A /* Resources */ = {
			isa = PBXResourcesBuildPhase;
			buildActionMask = 2147483647;
			files = (
				B90119D0256C29B9002CBD2A /* Preview Assets.xcassets in Resources */,
				B90119CD256C29B9002CBD2A /* Assets.xcassets in Resources */,
			);
			runOnlyForDeploymentPostprocessing = 0;
		};
/* End PBXResourcesBuildPhase section */

/* Begin PBXSourcesBuildPhase section */
		B90119C1256C29B6002CBD2A /* Sources */ = {
			isa = PBXSourcesBuildPhase;
			buildActionMask = 2147483647;
			files = (
				B9646B5F256D6BCE00301521 /* FruitData.swift in Sources */,
				B912C409256EDF5D00AFAB05 /* SourceLinkView.swift in Sources */,
				B9C18DF0257567D700BD22DE /* SettingsRowView.swift in Sources */,
				B972D800256C4220007F2658 /* FruitCardView.swift in Sources */,
				B9646B63256D740100301521 /* FruitRowView.swift in Sources */,
				B912C40C256EEADA00AFAB05 /* FruitNutrientsView.swift in Sources */,
				B972D803256C7436007F2658 /* StartButtonView.swift in Sources */,
				B946D6C9256D7EB300FECDA5 /* FruitDetailView.swift in Sources */,
				B90119CB256C29B6002CBD2A /* ContentView.swift in Sources */,
				B946D6CC256EBDC700FECDA5 /* FruitHeaderView.swift in Sources */,
				B972D806256C7733007F2658 /* OnboardingView.swift in Sources */,
				B9C18DED2575642500BD22DE /* SettingsLabelView.swift in Sources */,
				B9646B5A256D6AE600301521 /* FruitModel.swift in Sources */,
				B90119C9256C29B6002CBD2A /* FructusApp.swift in Sources */,
				B912C40F256EEF1D00AFAB05 /* SettingsView.swift in Sources */,
			);
			runOnlyForDeploymentPostprocessing = 0;
		};
/* End PBXSourcesBuildPhase section */

/* Begin XCBuildConfiguration section */
		B90119D2256C29B9002CBD2A /* Debug */ = {
			isa = XCBuildConfiguration;
			buildSettings = {
				ALWAYS_SEARCH_USER_PATHS = NO;
				CLANG_ANALYZER_NONNULL = YES;
				CLANG_ANALYZER_NUMBER_OBJECT_CONVERSION = YES_AGGRESSIVE;
				CLANG_CXX_LANGUAGE_STANDARD = "gnu++14";
				CLANG_CXX_LIBRARY = "libc++";
				CLANG_ENABLE_MODULES = YES;
				CLANG_ENABLE_OBJC_ARC = YES;
				CLANG_ENABLE_OBJC_WEAK = YES;
				CLANG_WARN_BLOCK_CAPTURE_AUTORELEASING = YES;
				CLANG_WARN_BOOL_CONVERSION = YES;
				CLANG_WARN_COMMA = YES;
				CLANG_WARN_CONSTANT_CONVERSION = YES;
				CLANG_WARN_DEPRECATED_OBJC_IMPLEMENTATIONS = YES;
				CLANG_WARN_DIRECT_OBJC_ISA_USAGE = YES_ERROR;
				CLANG_WARN_DOCUMENTATION_COMMENTS = YES;
				CLANG_WARN_EMPTY_BODY = YES;
				CLANG_WARN_ENUM_CONVERSION = YES;
				CLANG_WARN_INFINITE_RECURSION = YES;
				CLANG_WARN_INT_CONVERSION = YES;
				CLANG_WARN_NON_LITERAL_NULL_CONVERSION = YES;
				CLANG_WARN_OBJC_IMPLICIT_RETAIN_SELF = YES;
				CLANG_WARN_OBJC_LITERAL_CONVERSION = YES;
				CLANG_WARN_OBJC_ROOT_CLASS = YES_ERROR;
				CLANG_WARN_QUOTED_INCLUDE_IN_FRAMEWORK_HEADER = YES;
				CLANG_WARN_RANGE_LOOP_ANALYSIS = YES;
				CLANG_WARN_STRICT_PROTOTYPES = YES;
				CLANG_WARN_SUSPICIOUS_MOVE = YES;
				CLANG_WARN_UNGUARDED_AVAILABILITY = YES_AGGRESSIVE;
				CLANG_WARN_UNREACHABLE_CODE = YES;
				CLANG_WARN__DUPLICATE_METHOD_MATCH = YES;
				COPY_PHASE_STRIP = NO;
				DEBUG_INFORMATION_FORMAT = dwarf;
				ENABLE_STRICT_OBJC_MSGSEND = YES;
				ENABLE_TESTABILITY = YES;
				GCC_C_LANGUAGE_STANDARD = gnu11;
				GCC_DYNAMIC_NO_PIC = NO;
				GCC_NO_COMMON_BLOCKS = YES;
				GCC_OPTIMIZATION_LEVEL = 0;
				GCC_PREPROCESSOR_DEFINITIONS = (
					"DEBUG=1",
					"$(inherited)",
				);
				GCC_WARN_64_TO_32_BIT_CONVERSION = YES;
				GCC_WARN_ABOUT_RETURN_TYPE = YES_ERROR;
				GCC_WARN_UNDECLARED_SELECTOR = YES;
				GCC_WARN_UNINITIALIZED_AUTOS = YES_AGGRESSIVE;
				GCC_WARN_UNUSED_FUNCTION = YES;
				GCC_WARN_UNUSED_VARIABLE = YES;
				IPHONEOS_DEPLOYMENT_TARGET = 14.2;
				MTL_ENABLE_DEBUG_INFO = INCLUDE_SOURCE;
				MTL_FAST_MATH = YES;
				ONLY_ACTIVE_ARCH = YES;
				SDKROOT = iphoneos;
				SWIFT_ACTIVE_COMPILATION_CONDITIONS = DEBUG;
				SWIFT_OPTIMIZATION_LEVEL = "-Onone";
			};
			name = Debug;
		};
		B90119D3256C29B9002CBD2A /* Release */ = {
			isa = XCBuildConfiguration;
			buildSettings = {
				ALWAYS_SEARCH_USER_PATHS = NO;
				CLANG_ANALYZER_NONNULL = YES;
				CLANG_ANALYZER_NUMBER_OBJECT_CONVERSION = YES_AGGRESSIVE;
				CLANG_CXX_LANGUAGE_STANDARD = "gnu++14";
				CLANG_CXX_LIBRARY = "libc++";
				CLANG_ENABLE_MODULES = YES;
				CLANG_ENABLE_OBJC_ARC = YES;
				CLANG_ENABLE_OBJC_WEAK = YES;
				CLANG_WARN_BLOCK_CAPTURE_AUTORELEASING = YES;
				CLANG_WARN_BOOL_CONVERSION = YES;
				CLANG_WARN_COMMA = YES;
				CLANG_WARN_CONSTANT_CONVERSION = YES;
				CLANG_WARN_DEPRECATED_OBJC_IMPLEMENTATIONS = YES;
				CLANG_WARN_DIRECT_OBJC_ISA_USAGE = YES_ERROR;
				CLANG_WARN_DOCUMENTATION_COMMENTS = YES;
				CLANG_WARN_EMPTY_BODY = YES;
				CLANG_WARN_ENUM_CONVERSION = YES;
				CLANG_WARN_INFINITE_RECURSION = YES;
				CLANG_WARN_INT_CONVERSION = YES;
				CLANG_WARN_NON_LITERAL_NULL_CONVERSION = YES;
				CLANG_WARN_OBJC_IMPLICIT_RETAIN_SELF = YES;
				CLANG_WARN_OBJC_LITERAL_CONVERSION = YES;
				CLANG_WARN_OBJC_ROOT_CLASS = YES_ERROR;
				CLANG_WARN_QUOTED_INCLUDE_IN_FRAMEWORK_HEADER = YES;
				CLANG_WARN_RANGE_LOOP_ANALYSIS = YES;
				CLANG_WARN_STRICT_PROTOTYPES = YES;
				CLANG_WARN_SUSPICIOUS_MOVE = YES;
				CLANG_WARN_UNGUARDED_AVAILABILITY = YES_AGGRESSIVE;
				CLANG_WARN_UNREACHABLE_CODE = YES;
				CLANG_WARN__DUPLICATE_METHOD_MATCH = YES;
				COPY_PHASE_STRIP = NO;
				DEBUG_INFORMATION_FORMAT = "dwarf-with-dsym";
				ENABLE_NS_ASSERTIONS = NO;
				ENABLE_STRICT_OBJC_MSGSEND = YES;
				GCC_C_LANGUAGE_STANDARD = gnu11;
				GCC_NO_COMMON_BLOCKS = YES;
				GCC_WARN_64_TO_32_BIT_CONVERSION = YES;
				GCC_WARN_ABOUT_RETURN_TYPE = YES_ERROR;
				GCC_WARN_UNDECLARED_SELECTOR = YES;
				GCC_WARN_UNINITIALIZED_AUTOS = YES_AGGRESSIVE;
				GCC_WARN_UNUSED_FUNCTION = YES;
				GCC_WARN_UNUSED_VARIABLE = YES;
				IPHONEOS_DEPLOYMENT_TARGET = 14.2;
				MTL_ENABLE_DEBUG_INFO = NO;
				MTL_FAST_MATH = YES;
				SDKROOT = iphoneos;
				SWIFT_COMPILATION_MODE = wholemodule;
				SWIFT_OPTIMIZATION_LEVEL = "-O";
				VALIDATE_PRODUCT = YES;
			};
			name = Release;
		};
		B90119D5256C29B9002CBD2A /* Debug */ = {
			isa = XCBuildConfiguration;
			buildSettings = {
				ASSETCATALOG_COMPILER_APPICON_NAME = AppIcon;
				ASSETCATALOG_COMPILER_GLOBAL_ACCENT_COLOR_NAME = AccentColor;
				CODE_SIGN_STYLE = Automatic;
				DEVELOPMENT_ASSET_PATHS = "\"Fructus/Preview Content\"";
				DEVELOPMENT_TEAM = 78977XTL46;
				ENABLE_PREVIEWS = YES;
				INFOPLIST_FILE = Fructus/Info.plist;
				IPHONEOS_DEPLOYMENT_TARGET = 14.0;
				LD_RUNPATH_SEARCH_PATHS = (
					"$(inherited)",
					"@executable_path/Frameworks",
				);
				PRODUCT_BUNDLE_IDENTIFIER = com.rscottsites.fructus.Fructus;
				PRODUCT_NAME = "$(TARGET_NAME)";
				SWIFT_VERSION = 5.0;
				TARGETED_DEVICE_FAMILY = "1,2";
			};
			name = Debug;
		};
		B90119D6256C29B9002CBD2A /* Release */ = {
			isa = XCBuildConfiguration;
			buildSettings = {
				ASSETCATALOG_COMPILER_APPICON_NAME = AppIcon;
				ASSETCATALOG_COMPILER_GLOBAL_ACCENT_COLOR_NAME = AccentColor;
				CODE_SIGN_STYLE = Automatic;
				DEVELOPMENT_ASSET_PATHS = "\"Fructus/Preview Content\"";
				DEVELOPMENT_TEAM = 78977XTL46;
				ENABLE_PREVIEWS = YES;
				INFOPLIST_FILE = Fructus/Info.plist;
				IPHONEOS_DEPLOYMENT_TARGET = 14.0;
				LD_RUNPATH_SEARCH_PATHS = (
					"$(inherited)",
					"@executable_path/Frameworks",
				);
				PRODUCT_BUNDLE_IDENTIFIER = com.rscottsites.fructus.Fructus;
				PRODUCT_NAME = "$(TARGET_NAME)";
				SWIFT_VERSION = 5.0;
				TARGETED_DEVICE_FAMILY = "1,2";
			};
			name = Release;
		};
/* End XCBuildConfiguration section */

/* Begin XCConfigurationList section */
		B90119C0256C29B6002CBD2A /* Build configuration list for PBXProject "Fructus" */ = {
			isa = XCConfigurationList;
			buildConfigurations = (
				B90119D2256C29B9002CBD2A /* Debug */,
				B90119D3256C29B9002CBD2A /* Release */,
			);
			defaultConfigurationIsVisible = 0;
			defaultConfigurationName = Release;
		};
		B90119D4256C29B9002CBD2A /* Build configuration list for PBXNativeTarget "Fructus" */ = {
			isa = XCConfigurationList;
			buildConfigurations = (
				B90119D5256C29B9002CBD2A /* Debug */,
				B90119D6256C29B9002CBD2A /* Release */,
			);
			defaultConfigurationIsVisible = 0;
			defaultConfigurationName = Release;
		};
/* End XCConfigurationList section */
	};
	rootObject = B90119BD256C29B6002CBD2A /* Project object */;
}
